
Microsoft Visual Studio Solution File, Format Version 12.00
# Visual Studio 15
Project("{FAE04EC0-301F-11D3-BF4B-00C04F79EFBC}") = "Assembly-CSharp", "Assembly-CSharp.csproj", "{203E294F-6A57-B963-05D6-83EB30201135}"
EndProject
Project("{FAE04EC0-301F-11D3-BF4B-00C04F79EFBC}") = "MToon", "MToon.csproj", "{8D796705-AE51-80F2-E214-B0732D922C8F}"
EndProject
Project("{FAE04EC0-301F-11D3-BF4B-00C04F79EFBC}") = "Assembly-CSharp-Editor", "Assembly-CSharp-Editor.csproj", "{C20B416B-26C4-F6EF-C2C2-161257B5C912}"
EndProject
Project("{FAE04EC0-301F-11D3-BF4B-00C04F79EFBC}") = "MToon.Editor", "MToon.Editor.csproj", "{C03443EA-5030-7AD3-B637-78A9D2C00B13}"
EndProject
Global
	GlobalSection(SolutionConfigurationPlatforms) = preSolution
		Debug|Any CPU = Debug|Any CPU
		Release|Any CPU = Release|Any CPU
	EndGlobalSection
	GlobalSection(ProjectConfigurationPlatforms) = postSolution
		{203E294F-6A57-B963-05D6-83EB30201135}.Debug|Any CPU.ActiveCfg = Debug|Any CPU
		{203E294F-6A57-B963-05D6-83EB30201135}.Debug|Any CPU.Build.0 = Debug|Any CPU
		{203E294F-6A57-B963-05D6-83EB30201135}.Release|Any CPU.ActiveCfg = Release|Any CPU
		{203E294F-6A57-B963-05D6-83EB30201135}.Release|Any CPU.Build.0 = Release|Any CPU
		{8D796705-AE51-80F2-E214-B0732D922C8F}.Debug|Any CPU.ActiveCfg = Debug|Any CPU
		{8D796705-AE51-80F2-E214-B0732D922C8F}.Debug|Any CPU.Build.0 = Debug|Any CPU
		{8D796705-AE51-80F2-E214-B0732D922C8F}.Release|Any CPU.ActiveCfg = Release|Any CPU
		{8D796705-AE51-80F2-E214-B0732D922C8F}.Release|Any CPU.Build.0 = Release|Any CPU
		{C20B416B-26C4-F6EF-C2C2-161257B5C912}.Debug|Any CPU.ActiveCfg = Debug|Any CPU
		{C20B416B-26C4-F6EF-C2C2-161257B5C912}.Debug|Any CPU.Build.0 = Debug|Any CPU
		{C20B416B-26C4-F6EF-C2C2-161257B5C912}.Release|Any CPU.ActiveCfg = Release|Any CPU
		{C20B416B-26C4-F6EF-C2C2-161257B5C912}.Release|Any CPU.Build.0 = Release|Any CPU
		{C03443EA-5030-7AD3-B637-78A9D2C00B13}.Debug|Any CPU.ActiveCfg = Debug|Any CPU
		{C03443EA-5030-7AD3-B637-78A9D2C00B13}.Debug|Any CPU.Build.0 = Debug|Any CPU
		{C03443EA-5030-7AD3-B637-78A9D2C00B13}.Release|Any CPU.ActiveCfg = Release|Any CPU
		{C03443EA-5030-7AD3-B637-78A9D2C00B13}.Release|Any CPU.Build.0 = Release|Any CPU
	EndGlobalSection
	GlobalSection(SolutionProperties) = preSolution
		HideSolutionNode = FALSE
	EndGlobalSection
EndGlobal
